hash: 448f712e4334d89f0c1deab1325a6b0e2f582ccecb700010eff4d6810426fc3f
updated: 2017-12-10T10:47:01.930522093+09:00
imports:
- name: github.com/codegangsta/cli
  version: cfb38830724cc34fedffe9a2a29fb54fa9169cd1
- name: github.com/sasasaiki/gkgfiler
  version: 8563a929733d1d5bbd8f9e45bc091b37307e9c8a
testImports: []
